
Microsoft Visual Studio Solution File, Format Version 12.00
# Visual Studio Version 17
VisualStudioVersion = 17.8.34330.188
MinimumVisualStudioVersion = 10.0.40219.1
Project("{FAE04EC0-301F-11D3-BF4B-00C04F79EFBC}") = "Dapper.API", "Dapper.API\Dapper.API.csproj", "{66716F3B-E920-4561-AFA0-3864CD337E11}"
EndProject
Project("{FAE04EC0-301F-11D3-BF4B-00C04F79EFBC}") = "Dapper.UI", "Dapper.UI\Dapper.UI.csproj", "{7DCA54E2-652C-4AE9-BB8D-7CD80AF5E85D}"
EndProject
Global
	GlobalSection(SolutionConfigurationPlatforms) = preSolution
		Debug|Any CPU = Debug|Any CPU
		Release|Any CPU = Release|Any CPU
	EndGlobalSection
	GlobalSection(ProjectConfigurationPlatforms) = postSolution
		{66716F3B-E920-4561-AFA0-3864CD337E11}.Debug|Any CPU.ActiveCfg = Debug|Any CPU
		{66716F3B-E920-4561-AFA0-3864CD337E11}.Debug|Any CPU.Build.0 = Debug|Any CPU
		{66716F3B-E920-4561-AFA0-3864CD337E11}.Release|Any CPU.ActiveCfg = Release|Any CPU
		{66716F3B-E920-4561-AFA0-3864CD337E11}.Release|Any CPU.Build.0 = Release|Any CPU
		{7DCA54E2-652C-4AE9-BB8D-7CD80AF5E85D}.Debug|Any CPU.ActiveCfg = Debug|Any CPU
		{7DCA54E2-652C-4AE9-BB8D-7CD80AF5E85D}.Debug|Any CPU.Build.0 = Debug|Any CPU
		{7DCA54E2-652C-4AE9-BB8D-7CD80AF5E85D}.Release|Any CPU.ActiveCfg = Release|Any CPU
		{7DCA54E2-652C-4AE9-BB8D-7CD80AF5E85D}.Release|Any CPU.Build.0 = Release|Any CPU
	EndGlobalSection
	GlobalSection(SolutionProperties) = preSolution
		HideSolutionNode = FALSE
	EndGlobalSection
	GlobalSection(ExtensibilityGlobals) = postSolution
		SolutionGuid = {244F7205-0298-4E48-B08C-0E3CAD72AC24}
	EndGlobalSection
EndGlobal
